Microsoft Visual Studio Solution File, Format Version 12.00
# Visual Studio Version 17
VisualStudioVersion = 17.5.2.0
MinimumVisualStudioVersion = 10.0.40219.1
Project("{FAE04EC0-301F-11D3-BF4B-00C04F79EFBC}") = "bossSpawnRestrictions", "bossSpawnRestrictions.csproj", "{DADE6502-3396-5304-16AB-D4B89F31221E}"
EndProject
Global
	GlobalSection(SolutionConfigurationPlatforms) = preSolution
		Debug|Any CPU = Debug|Any CPU
		Release|Any CPU = Release|Any CPU
	EndGlobalSection
	GlobalSection(ProjectConfigurationPlatforms) = postSolution
		{DADE6502-3396-5304-16AB-D4B89F31221E}.Debug|Any CPU.ActiveCfg = Debug|Any CPU
		{DADE6502-3396-5304-16AB-D4B89F31221E}.Debug|Any CPU.Build.0 = Debug|Any CPU
		{DADE6502-3396-5304-16AB-D4B89F31221E}.Release|Any CPU.ActiveCfg = Release|Any CPU
		{DADE6502-3396-5304-16AB-D4B89F31221E}.Release|Any CPU.Build.0 = Release|Any CPU
	EndGlobalSection
	GlobalSection(SolutionProperties) = preSolution
		HideSolutionNode = FALSE
	EndGlobalSection
	GlobalSection(ExtensibilityGlobals) = postSolution
		SolutionGuid = {B6114238-3D8D-4800-A4A5-48C2B098726D}
	EndGlobalSection
EndGlobal
